# This file is automatically @generated by Poetry 1.8.2 and should not be changed by hand.

[[package]]
name = "kafka-python"
version = "2.0.4"
description = "Pure Python client for Apache Kafka"
optional = false
python-versions = "*"
files = [
    {file = "kafka_python-2.0.4-py2.py3-none-any.whl", hash = "sha256:614ee11e7d659b3cfe162a67a103c60231a336c41911ad89d8c67f74bf43db25"},
    {file = "kafka_python-2.0.4.tar.gz", hash = "sha256:cd556fdc73ed1e2e72247de234d209f452267d7b2e7289f6e51c50a44f1f48dc"},
]

[package.extras]
crc32c = ["crc32c"]
lz4 = ["lz4"]
snappy = ["python-snappy"]
testing = ["mock", "pytest", "pytest-mock"]
zstd = ["zstandard"]

[metadata]
lock-version = "2.0"
python-versions = "^3.11"
content-hash = "9af335e9cf70768e87bcebd4012b2553b1f0cf2e1aa7b1c412033bec5b27c503"
